Microsoft Visual Studio Solution File, Format Version 12.00
# Visual Studio Version 17
VisualStudioVersion = 17.5.2.0
MinimumVisualStudioVersion = 10.0.40219.1
Project("{FAE04EC0-301F-11D3-BF4B-00C04F79EFBC}") = "Dev_Groundup", "Dev_Groundup.csproj", "{00FAB9AA-1E7C-35A5-E49A-3B27EF92E40E}"
EndProject
Global
	GlobalSection(SolutionConfigurationPlatforms) = preSolution
		Debug|Any CPU = Debug|Any CPU
		Release|Any CPU = Release|Any CPU
	EndGlobalSection
	GlobalSection(ProjectConfigurationPlatforms) = postSolution
		{00FAB9AA-1E7C-35A5-E49A-3B27EF92E40E}.Debug|Any CPU.ActiveCfg = Debug|Any CPU
		{00FAB9AA-1E7C-35A5-E49A-3B27EF92E40E}.Debug|Any CPU.Build.0 = Debug|Any CPU
		{00FAB9AA-1E7C-35A5-E49A-3B27EF92E40E}.Release|Any CPU.ActiveCfg = Release|Any CPU
		{00FAB9AA-1E7C-35A5-E49A-3B27EF92E40E}.Release|Any CPU.Build.0 = Release|Any CPU
	EndGlobalSection
	GlobalSection(SolutionProperties) = preSolution
		HideSolutionNode = FALSE
	EndGlobalSection
	GlobalSection(ExtensibilityGlobals) = postSolution
		SolutionGuid = {5B3C1E28-A774-40CA-BD28-09ED9527DE62}
	EndGlobalSection
EndGlobal
